
Microsoft Visual Studio Solution File, Format Version 12.00
# Visual Studio Version 16
VisualStudioVersion = 16.0.29326.143
MinimumVisualStudioVersion = 10.0.40219.1
Project("{FAE04EC0-301F-11D3-BF4B-00C04F79EFBC}") = "Assignment 1", "Assignment 1\Assignment 1.csproj", "{03225736-D480-4BA5-9EE4-70350327F43F}"
EndProject
Global
	GlobalSection(SolutionConfigurationPlatforms) = preSolution
		Debug|Any CPU = Debug|Any CPU
		Release|Any CPU = Release|Any CPU
	EndGlobalSection
	GlobalSection(ProjectConfigurationPlatforms) = postSolution
		{03225736-D480-4BA5-9EE4-70350327F43F}.Debug|Any CPU.ActiveCfg = Debug|Any CPU
		{03225736-D480-4BA5-9EE4-70350327F43F}.Debug|Any CPU.Build.0 = Debug|Any CPU
		{03225736-D480-4BA5-9EE4-70350327F43F}.Release|Any CPU.ActiveCfg = Release|Any CPU
		{03225736-D480-4BA5-9EE4-70350327F43F}.Release|Any CPU.Build.0 = Release|Any CPU
	EndGlobalSection
	GlobalSection(SolutionProperties) = preSolution
		HideSolutionNode = FALSE
	EndGlobalSection
	GlobalSection(ExtensibilityGlobals) = postSolution
		SolutionGuid = {FFCAD596-9670-45E1-A897-E164821B0ADC}
	EndGlobalSection
EndGlobal
